// !$*UTF8*$!
{
	archiveVersion = 1;
	classes = {
	};
	objectVersion = 46;
	objects = {

/* Begin PBXBuildFile section */
		9C9BF5AC1AE69ADF001B816C /* BLCWhiskeyViewController.m in Sources */ = {isa = PBXBuildFile; fileRef = 9C9BF5AB1AE69ADF001B816C /* BLCWhiskeyViewController.m */; };
		9C9BF5AF1AE6D787001B816C /* BLCMainMenuViewController.m in Sources */ = {isa = PBXBuildFile; fileRef = 9C9BF5AE1AE6D787001B816C /* BLCMainMenuViewController.m */; };
		9CAE00BC1AE66A7E00317B78 /* main.m in Sources */ = {isa = PBXBuildFile; fileRef = 9CAE00BB1AE66A7E00317B78 /* main.m */; };
		9CAE00BF1AE66A7E00317B78 /* AppDelegate.m in Sources */ = {isa = PBXBuildFile; fileRef = 9CAE00BE1AE66A7E00317B78 /* AppDelegate.m */; };
		9CAE00C21AE66A7E00317B78 /* BLCViewController.m in Sources */ = {isa = PBXBuildFile; fileRef = 9CAE00C11AE66A7E00317B78 /* BLCViewController.m */; };
		9CAE00C71AE66A7E00317B78 /* Images.xcassets in Resources */ = {isa = PBXBuildFile; fileRef = 9CAE00C61AE66A7E00317B78 /* Images.xcassets */; };
		9CAE00CA1AE66A7E00317B78 /* LaunchScreen.xib in Resources */ = {isa = PBXBuildFile; fileRef = 9CAE00C81AE66A7E00317B78 /* LaunchScreen.xib */; };
		9CAE00D61AE66A7E00317B78 /* AlcolatorNEWTests.m in Sources */ = {isa = PBXBuildFile; fileRef = 9CAE00D51AE66A7E00317B78 /* AlcolatorNEWTests.m */; };
/* End PBXBuildFile section */

/* Begin PBXContainerItemProxy section */
		9CAE00D01AE66A7E00317B78 /* PBXContainerItemProxy */ = {
			isa = PBXContainerItemProxy;
			containerPortal = 9CAE00AE1AE66A7E00317B78 /* Project object */;
			proxyType = 1;
			remoteGlobalIDString = 9CAE00B51AE66A7E00317B78;
			remoteInfo = AlcolatorNEW;
		};
/* End PBXContainerItemProxy section */

/* Begin PBXFileReference section */
		9C9BF5AA1AE69ADF001B816C /* BLCWhiskeyViewController.h */ = {isa = PBXFileReference; fileEncoding = 4; lastKnownFileType = sourcecode.c.h; path = BLCWhiskeyViewController.h; sourceTree = "<group>"; };
		9C9BF5AB1AE69ADF001B816C /* BLCWhiskeyViewController.m */ = {isa = PBXFileReference; fileEncoding = 4; lastKnownFileType = sourcecode.c.objc; path = BLCWhiskeyViewController.m; sourceTree = "<group>"; };
		9C9BF5AD1AE6D787001B816C /* BLCMainMenuViewController.h */ = {isa = PBXFileReference; fileEncoding = 4; lastKnownFileType = sourcecode.c.h; path = BLCMainMenuViewController.h; sourceTree = "<group>"; };
		9C9BF5AE1AE6D787001B816C /* BLCMainMenuViewController.m */ = {isa = PBXFileReference; fileEncoding = 4; lastKnownFileType = sourcecode.c.objc; path = BLCMainMenuViewController.m; sourceTree = "<group>"; };
		9CAE00B61AE66A7E00317B78 /* AlcolatorNEW.app */ = {isa = PBXFileReference; explicitFileType = wrapper.application; includeInIndex = 0; path = AlcolatorNEW.app; sourceTree = BUILT_PRODUCTS_DIR; };
		9CAE00BA1AE66A7E00317B78 /* Info.plist */ = {isa = PBXFileReference; lastKnownFileType = text.plist.xml; path = Info.plist; sourceTree = "<group>"; };
		9CAE00BB1AE66A7E00317B78 /* main.m */ = {isa = PBXFileReference; lastKnownFileType = sourcecode.c.objc; path = main.m; sourceTree = "<group>"; };
		9CAE00BD1AE66A7E00317B78 /* AppDelegate.h */ = {isa = PBXFileReference; lastKnownFileType = sourcecode.c.h; path = AppDelegate.h; sourceTree = "<group>"; };
		9CAE00BE1AE66A7E00317B78 /* AppDelegate.m */ = {isa = PBXFileReference; lastKnownFileType = sourcecode.c.objc; path = AppDelegate.m; sourceTree = "<group>"; };
		9CAE00C01AE66A7E00317B78 /* BLCViewController.h */ = {isa = PBXFileReference; lastKnownFileType = sourcecode.c.h; path = BLCViewController.h; sourceTree = "<group>"; };
		9CAE00C11AE66A7E00317B78 /* BLCViewController.m */ = {isa = PBXFileReference; lastKnownFileType = sourcecode.c.objc; path = BLCViewController.m; sourceTree = "<group>"; };
		9CAE00C61AE66A7E00317B78 /* Images.xcassets */ = {isa = PBXFileReference; lastKnownFileType = folder.assetcatalog; path = Images.xcassets; sourceTree = "<group>"; };
		9CAE00C91AE66A7E00317B78 /* Base */ = {isa = PBXFileReference; lastKnownFileType = file.xib; name = Base; path = Base.lproj/LaunchScreen.xib; sourceTree = "<group>"; };
		9CAE00CF1AE66A7E00317B78 /* AlcolatorNEWTests.xctest */ = {isa = PBXFileReference; explicitFileType = wrapper.cfbundle; includeInIndex = 0; path = AlcolatorNEWTests.xctest; sourceTree = BUILT_PRODUCTS_DIR; };
		9CAE00D41AE66A7E00317B78 /* Info.plist */ = {isa = PBXFileReference; lastKnownFileType = text.plist.xml; path = Info.plist; sourceTree = "<group>"; };
		9CAE00D51AE66A7E00317B78 /* AlcolatorNEWTests.m */ = {isa = PBXFileReference; lastKnownFileType = sourcecode.c.objc; path = AlcolatorNEWTests.m; sourceTree = "<group>"; };
/* End PBXFileReference section */

/* Begin PBXFrameworksBuildPhase section */
		9CAE00B31AE66A7E00317B78 /* Frameworks */ = {
			isa = PBXFrameworksBuildPhase;
			buildActionMask = 2147483647;
			files = (
			);
			runOnlyForDeploymentPostprocessing = 0;
		};
		9CAE00CC1AE66A7E00317B78 /* Frameworks */ = {
			isa = PBXFrameworksBuildPhase;
			buildActionMask = 2147483647;
			files = (
			);
			runOnlyForDeploymentPostprocessing = 0;
		};
/* End PBXFrameworksBuildPhase section */

/* Begin PBXGroup section */
		9CAE00AD1AE66A7E00317B78 = {
			isa = PBXGroup;
			children = (
				9CAE00B81AE66A7E00317B78 /* AlcolatorNEW */,
				9CAE00D21AE66A7E00317B78 /* AlcolatorNEWTests */,
				9CAE00B71AE66A7E00317B78 /* Products */,
			);
			sourceTree = "<group>";
		};
		9CAE00B71AE66A7E00317B78 /* Products */ = {
			isa = PBXGroup;
			children = (
				9CAE00B61AE66A7E00317B78 /* AlcolatorNEW.app */,
				9CAE00CF1AE66A7E00317B78 /* AlcolatorNEWTests.xctest */,
			);
			name = Products;
			sourceTree = "<group>";
		};
		9CAE00B81AE66A7E00317B78 /* AlcolatorNEW */ = {
			isa = PBXGroup;
			children = (
				9CAE00BD1AE66A7E00317B78 /* AppDelegate.h */,
				9CAE00BE1AE66A7E00317B78 /* AppDelegate.m */,
				9CAE00C01AE66A7E00317B78 /* BLCViewController.h */,
				9C9BF5AD1AE6D787001B816C /* BLCMainMenuViewController.h */,
				9C9BF5AE1AE6D787001B816C /* BLCMainMenuViewController.m */,
				9C9BF5AA1AE69ADF001B816C /* BLCWhiskeyViewController.h */,
				9C9BF5AB1AE69ADF001B816C /* BLCWhiskeyViewController.m */,
				9CAE00C11AE66A7E00317B78 /* BLCViewController.m */,
				9CAE00C61AE66A7E00317B78 /* Images.xcassets */,
				9CAE00C81AE66A7E00317B78 /* LaunchScreen.xib */,
				9CAE00B91AE66A7E00317B78 /* Supporting Files */,
			);
			path = AlcolatorNEW;
			sourceTree = "<group>";
		};
		9CAE00B91AE66A7E00317B78 /* Supporting Files */ = {
			isa = PBXGroup;
			children = (
				9CAE00BA1AE66A7E00317B78 /* Info.plist */,
				9CAE00BB1AE66A7E00317B78 /* main.m */,
			);
			name = "Supporting Files";
			sourceTree = "<group>";
		};
		9CAE00D21AE66A7E00317B78 /* AlcolatorNEWTests */ = {
			isa = PBXGroup;
			children = (
				9CAE00D51AE66A7E00317B78 /* AlcolatorNEWTests.m */,
				9CAE00D31AE66A7E00317B78 /* Supporting Files */,
			);
			path = AlcolatorNEWTests;
			sourceTree = "<group>";
		};
		9CAE00D31AE66A7E00317B78 /* Supporting Files */ = {
			isa = PBXGroup;
			children = (
				9CAE00D41AE66A7E00317B78 /* Info.plist */,
			);
			name = "Supporting Files";
			sourceTree = "<group>";
		};
/* End PBXGroup section */

/* Begin PBXNativeTarget section */
		9CAE00B51AE66A7E00317B78 /* AlcolatorNEW */ = {
			isa = PBXNativeTarget;
			buildConfigurationList = 9CAE00D91AE66A7E00317B78 /* Build configuration list for PBXNativeTarget "AlcolatorNEW" */;
			buildPhases = (
				9CAE00B21AE66A7E00317B78 /* Sources */,
				9CAE00B31AE66A7E00317B78 /* Frameworks */,
				9CAE00B41AE66A7E00317B78 /* Resources */,
			);
			buildRules = (
			);
			dependencies = (
			);
			name = AlcolatorNEW;
			productName = AlcolatorNEW;
			productReference = 9CAE00B61AE66A7E00317B78 /* AlcolatorNEW.app */;
			productType = "com.apple.product-type.application";
		};
		9CAE00CE1AE66A7E00317B78 /* AlcolatorNEWTests */ = {
			isa = PBXNativeTarget;
			buildConfigurationList = 9CAE00DC1AE66A7E00317B78 /* Build configuration list for PBXNativeTarget "AlcolatorNEWTests" */;
			buildPhases = (
				9CAE00CB1AE66A7E00317B78 /* Sources */,
				9CAE00CC1AE66A7E00317B78 /* Frameworks */,
				9CAE00CD1AE66A7E00317B78 /* Resources */,
			);
			buildRules = (
			);
			dependencies = (
				9CAE00D11AE66A7E00317B78 /* PBXTargetDependency */,
			);
			name = AlcolatorNEWTests;
			productName = AlcolatorNEWTests;
			productReference = 9CAE00CF1AE66A7E00317B78 /* AlcolatorNEWTests.xctest */;
			productType = "com.apple.product-type.bundle.unit-test";
		};
/* End PBXNativeTarget section */

/* Begin PBXProject section */
		9CAE00AE1AE66A7E00317B78 /* Project object */ = {
			isa = PBXProject;
			attributes = {
				LastUpgradeCheck = 0620;
				ORGANIZATIONNAME = Bloc;
				TargetAttributes = {
					9CAE00B51AE66A7E00317B78 = {
						CreatedOnToolsVersion = 6.2;
					};
					9CAE00CE1AE66A7E00317B78 = {
						CreatedOnToolsVersion = 6.2;
						TestTargetID = 9CAE00B51AE66A7E00317B78;
					};
				};
			};
			buildConfigurationList = 9CAE00B11AE66A7E00317B78 /* Build configuration list for PBXProject "AlcolatorNEW" */;
			compatibilityVersion = "Xcode 3.2";
			developmentRegion = English;
			hasScannedForEncodings = 0;
			knownRegions = (
				en,
				Base,
			);
			mainGroup = 9CAE00AD1AE66A7E00317B78;
			productRefGroup = 9CAE00B71AE66A7E00317B78 /* Products */;
			projectDirPath = "";
			projectRoot = "";
			targets = (
				9CAE00B51AE66A7E00317B78 /* AlcolatorNEW */,
				9CAE00CE1AE66A7E00317B78 /* AlcolatorNEWTests */,
			);
		};
/* End PBXProject section */

/* Begin PBXResourcesBuildPhase section */
		9CAE00B41AE66A7E00317B78 /* Resources */ = {
			isa = PBXResourcesBuildPhase;
			buildActionMask = 2147483647;
			files = (
				9CAE00CA1AE66A7E00317B78 /* LaunchScreen.xib in Resources */,
				9CAE00C71AE66A7E00317B78 /* Images.xcassets in Resources */,
			);
			runOnlyForDeploymentPostprocessing = 0;
		};
		9CAE00CD1AE66A7E00317B78 /* Resources */ = {
			isa = PBXResourcesBuildPhase;
			buildActionMask = 2147483647;
			files = (
			);
			runOnlyForDeploymentPostprocessing = 0;
		};
/* End PBXResourcesBuildPhase section */

/* Begin PBXSourcesBuildPhase section */
		9CAE00B21AE66A7E00317B78 /* Sources */ = {
			isa = PBXSourcesBuildPhase;
			buildActionMask = 2147483647;
			files = (
				9CAE00C21AE66A7E00317B78 /* BLCViewController.m in Sources */,
				9C9BF5AF1AE6D787001B816C /* BLCMainMenuViewController.m in Sources */,
				9C9BF5AC1AE69ADF001B816C /* BLCWhiskeyViewController.m in Sources */,
				9CAE00BF1AE66A7E00317B78 /* AppDelegate.m in Sources */,
				9CAE00BC1AE66A7E00317B78 /* main.m in Sources */,
			);
			runOnlyForDeploymentPostprocessing = 0;
		};
		9CAE00CB1AE66A7E00317B78 /* Sources */ = {
			isa = PBXSourcesBuildPhase;
			buildActionMask = 2147483647;
			files = (
				9CAE00D61AE66A7E00317B78 /* AlcolatorNEWTests.m in Sources */,
			);
			runOnlyForDeploymentPostprocessing = 0;
		};
/* End PBXSourcesBuildPhase section */

/* Begin PBXTargetDependency section */
		9CAE00D11AE66A7E00317B78 /* PBXTargetDependency */ = {
			isa = PBXTargetDependency;
			target = 9CAE00B51AE66A7E00317B78 /* AlcolatorNEW */;
			targetProxy = 9CAE00D01AE66A7E00317B78 /* PBXContainerItemProxy */;
		};
/* End PBXTargetDependency section */

/* Begin PBXVariantGroup section */
		9CAE00C81AE66A7E00317B78 /* LaunchScreen.xib */ = {
			isa = PBXVariantGroup;
			children = (
				9CAE00C91AE66A7E00317B78 /* Base */,
			);
			name = LaunchScreen.xib;
			sourceTree = "<group>";
		};
/* End PBXVariantGroup section */

/* Begin XCBuildConfiguration section */
		9CAE00D71AE66A7E00317B78 /* Debug */ = {
			isa = XCBuildConfiguration;
			buildSettings = {
				ALWAYS_SEARCH_USER_PATHS = NO;
				CLANG_CXX_LANGUAGE_STANDARD = "gnu++0x";
				CLANG_CXX_LIBRARY = "libc++";
				CLANG_ENABLE_MODULES = YES;
				CLANG_ENABLE_OBJC_ARC = YES;
				CLANG_WARN_BOOL_CONVERSION = YES;
				CLANG_WARN_CONSTANT_CONVERSION = YES;
				CLANG_WARN_DIRECT_OBJC_ISA_USAGE = YES_ERROR;
				CLANG_WARN_EMPTY_BODY = YES;
				CLANG_WARN_ENUM_CONVERSION = YES;
				CLANG_WARN_INT_CONVERSION = YES;
				CLANG_WARN_OBJC_ROOT_CLASS = YES_ERROR;
				CLANG_WARN_UNREACHABLE_CODE = YES;
				CLANG_WARN__DUPLICATE_METHOD_MATCH = YES;
				"CODE_SIGN_IDENTITY[sdk=iphoneos*]" = "iPhone Developer";
				COPY_PHASE_STRIP = NO;
				ENABLE_STRICT_OBJC_MSGSEND = YES;
				GCC_C_LANGUAGE_STANDARD = gnu99;
				GCC_DYNAMIC_NO_PIC = NO;
				GCC_OPTIMIZATION_LEVEL = 0;
				GCC_PREPROCESSOR_DEFINITIONS = (
					"DEBUG=1",
					"$(inherited)",
				);
				GCC_SYMBOLS_PRIVATE_EXTERN = NO;
				GCC_WARN_64_TO_32_BIT_CONVERSION = YES;
				GCC_WARN_ABOUT_RETURN_TYPE = YES_ERROR;
				GCC_WARN_UNDECLARED_SELECTOR = YES;
				GCC_WARN_UNINITIALIZED_AUTOS = YES_AGGRESSIVE;
				GCC_WARN_UNUSED_FUNCTION = YES;
				GCC_WARN_UNUSED_VARIABLE = YES;
				IPHONEOS_DEPLOYMENT_TARGET = 8.2;
				MTL_ENABLE_DEBUG_INFO = YES;
				ONLY_ACTIVE_ARCH = YES;
				SDKROOT = iphoneos;
			};
			name = Debug;
		};
		9CAE00D81AE66A7E00317B78 /* Release */ = {
			isa = XCBuildConfiguration;
			buildSettings = {
				ALWAYS_SEARCH_USER_PATHS = NO;
				CLANG_CXX_LANGUAGE_STANDARD = "gnu++0x";
				CLANG_CXX_LIBRARY = "libc++";
				CLANG_ENABLE_MODULES = YES;
				CLANG_ENABLE_OBJC_ARC = YES;
				CLANG_WARN_BOOL_CONVERSION = YES;
				CLANG_WARN_CONSTANT_CONVERSION = YES;
				CLANG_WARN_DIRECT_OBJC_ISA_USAGE = YES_ERROR;
				CLANG_WARN_EMPTY_BODY = YES;
				CLANG_WARN_ENUM_CONVERSION = YES;
				CLANG_WARN_INT_CONVERSION = YES;
				CLANG_WARN_OBJC_ROOT_CLASS = YES_ERROR;
				CLANG_WARN_UNREACHABLE_CODE = YES;
				CLANG_WARN__DUPLICATE_METHOD_MATCH = YES;
				"CODE_SIGN_IDENTITY[sdk=iphoneos*]" = "iPhone Developer";
				COPY_PHASE_STRIP = NO;
				ENABLE_NS_ASSERTIONS = NO;
				ENABLE_STRICT_OBJC_MSGSEND = YES;
				GCC_C_LANGUAGE_STANDARD = gnu99;
				GCC_WARN_64_TO_32_BIT_CONVERSION = YES;
				GCC_WARN_ABOUT_RETURN_TYPE = YES_ERROR;
				GCC_WARN_UNDECLARED_SELECTOR = YES;
				GCC_WARN_UNINITIALIZED_AUTOS = YES_AGGRESSIVE;
				GCC_WARN_UNUSED_FUNCTION = YES;
				GCC_WARN_UNUSED_VARIABLE = YES;
				IPHONEOS_DEPLOYMENT_TARGET = 8.2;
				MTL_ENABLE_DEBUG_INFO = NO;
				SDKROOT = iphoneos;
				VALIDATE_PRODUCT = YES;
			};
			name = Release;
		};
		9CAE00DA1AE66A7E00317B78 /* Debug */ = {
			isa = XCBuildConfiguration;
			buildSettings = {
				ASSETCATALOG_COMPILER_APPICON_NAME = AppIcon;
				INFOPLIST_FILE = AlcolatorNEW/Info.plist;
				LD_RUNPATH_SEARCH_PATHS = "$(inherited) @executable_path/Frameworks";
				PRODUCT_NAME = "$(TARGET_NAME)";
				TARGETED_DEVICE_FAMILY = "1,2";
			};
			name = Debug;
		};
		9CAE00DB1AE66A7E00317B78 /* Release */ = {
			isa = XCBuildConfiguration;
			buildSettings = {
				ASSETCATALOG_COMPILER_APPICON_NAME = AppIcon;
				INFOPLIST_FILE = AlcolatorNEW/Info.plist;
				LD_RUNPATH_SEARCH_PATHS = "$(inherited) @executable_path/Frameworks";
				PRODUCT_NAME = "$(TARGET_NAME)";
				TARGETED_DEVICE_FAMILY = "1,2";
			};
			name = Release;
		};
		9CAE00DD1AE66A7E00317B78 /* Debug */ = {
			isa = XCBuildConfiguration;
			buildSettings = {
				BUNDLE_LOADER = "$(TEST_HOST)";
				FRAMEWORK_SEARCH_PATHS = (
					"$(SDKROOT)/Developer/Library/Frameworks",
					"$(inherited)",
				);
				GCC_PREPROCESSOR_DEFINITIONS = (
					"DEBUG=1",
					"$(inherited)",
				);
				INFOPLIST_FILE = AlcolatorNEWTests/Info.plist;
				LD_RUNPATH_SEARCH_PATHS = "$(inherited) @executable_path/Frameworks @loader_path/Frameworks";
				PRODUCT_NAME = "$(TARGET_NAME)";
				TEST_HOST = "$(BUILT_PRODUCTS_DIR)/AlcolatorNEW.app/AlcolatorNEW";
			};
			name = Debug;
		};
		9CAE00DE1AE66A7E00317B78 /* Release */ = {
			isa = XCBuildConfiguration;
			buildSettings = {
				BUNDLE_LOADER = "$(TEST_HOST)";
				FRAMEWORK_SEARCH_PATHS = (
					"$(SDKROOT)/Developer/Library/Frameworks",
					"$(inherited)",
				);
				INFOPLIST_FILE = AlcolatorNEWTests/Info.plist;
				LD_RUNPATH_SEARCH_PATHS = "$(inherited) @executable_path/Frameworks @loader_path/Frameworks";
				PRODUCT_NAME = "$(TARGET_NAME)";
				TEST_HOST = "$(BUILT_PRODUCTS_DIR)/AlcolatorNEW.app/AlcolatorNEW";
			};
			name = Release;
		};
/* End XCBuildConfiguration section */

/* Begin XCConfigurationList section */
		9CAE00B11AE66A7E00317B78 /* Build configuration list for PBXProject "AlcolatorNEW" */ = {
			isa = XCConfigurationList;
			buildConfigurations = (
				9CAE00D71AE66A7E00317B78 /* Debug */,
				9CAE00D81AE66A7E00317B78 /* Release */,
			);
			defaultConfigurationIsVisible = 0;
			defaultConfigurationName = Release;
		};
		9CAE00D91AE66A7E00317B78 /* Build configuration list for PBXNativeTarget "AlcolatorNEW" */ = {
			isa = XCConfigurationList;
			buildConfigurations = (
				9CAE00DA1AE66A7E00317B78 /* Debug */,
				9CAE00DB1AE66A7E00317B78 /* Release */,
			);
			defaultConfigurationIsVisible = 0;
			defaultConfigurationName = Release;
		};
		9CAE00DC1AE66A7E00317B78 /* Build configuration list for PBXNativeTarget "AlcolatorNEWTests" */ = {
			isa = XCConfigurationList;
			buildConfigurations = (
				9CAE00DD1AE66A7E00317B78 /* Debug */,
				9CAE00DE1AE66A7E00317B78 /* Release */,
			);
			defaultConfigurationIsVisible = 0;
			defaultConfigurationName = Release;
		};
/* End XCConfigurationList section */
	};
	rootObject = 9CAE00AE1AE66A7E00317B78 /* Project object */;
}
